
Microsoft Visual Studio Solution File, Format Version 12.00
# Visual Studio Version 16
VisualStudioVersion = 16.0.809.10
MinimumVisualStudioVersion = 10.0.40219.1
Project("{FAE04EC0-301F-11D3-BF4B-00C04F79EFBC}") = "RPG", "RPG\RPG.csproj", "{E5691B7A-1415-4EA1-AC8D-2AAB9BAA6892}"
EndProject
Global
	GlobalSection(SolutionConfigurationPlatforms) = preSolution
		Debug|Any CPU = Debug|Any CPU
		Release|Any CPU = Release|Any CPU
	EndGlobalSection
	GlobalSection(ProjectConfigurationPlatforms) = postSolution
		{E5691B7A-1415-4EA1-AC8D-2AAB9BAA6892}.Debug|Any CPU.ActiveCfg = Debug|Any CPU
		{E5691B7A-1415-4EA1-AC8D-2AAB9BAA6892}.Debug|Any CPU.Build.0 = Debug|Any CPU
		{E5691B7A-1415-4EA1-AC8D-2AAB9BAA6892}.Release|Any CPU.ActiveCfg = Release|Any CPU
		{E5691B7A-1415-4EA1-AC8D-2AAB9BAA6892}.Release|Any CPU.Build.0 = Release|Any CPU
	EndGlobalSection
	GlobalSection(SolutionProperties) = preSolution
		HideSolutionNode = FALSE
	EndGlobalSection
	GlobalSection(ExtensibilityGlobals) = postSolution
		SolutionGuid = {B64A5475-1515-4EEC-9B5F-0F971FE0D70A}
	EndGlobalSection
EndGlobal
