
Microsoft Visual Studio Solution File, Format Version 12.00
# Visual Studio Version 16
VisualStudioVersion = 16.0.809.10
MinimumVisualStudioVersion = 10.0.40219.1
Project("{FAE04EC0-301F-11D3-BF4B-00C04F79EFBC}") = "Problem3", "Problem3\Problem3.csproj", "{F03A420C-D283-47FF-B2A3-7920320A175A}"
EndProject
Project("{FAE04EC0-301F-11D3-BF4B-00C04F79EFBC}") = "Utils", "Utils\Utils.csproj", "{96C05399-9644-4711-B564-E143CE418B78}"
EndProject
Project("{FAE04EC0-301F-11D3-BF4B-00C04F79EFBC}") = "Problem4", "Problem4\Problem4.csproj", "{F6D350CF-7A8F-424D-917A-909A80BC15E2}"
EndProject
Project("{FAE04EC0-301F-11D3-BF4B-00C04F79EFBC}") = "Problem5", "Problem5\Problem5.csproj", "{E425BA30-1B94-4004-A6A2-6E8456FB9C8B}"
EndProject
Project("{FAE04EC0-301F-11D3-BF4B-00C04F79EFBC}") = "Problem1", "Problem1\Problem1.csproj", "{C0D3072B-9E16-4505-9B40-D07CE4C5C4A3}"
EndProject
Project("{FAE04EC0-301F-11D3-BF4B-00C04F79EFBC}") = "Problem7", "Problem7\Problem7.csproj", "{E53411EE-565A-49AF-9577-F721D107CCBD}"
EndProject
Project("{FAE04EC0-301F-11D3-BF4B-00C04F79EFBC}") = "Problem6", "Problem6\Problem6.csproj", "{302479E3-CFA7-4375-8C64-AC4E14D30CA3}"
EndProject
Project("{FAE04EC0-301F-11D3-BF4B-00C04F79EFBC}") = "Problem8", "Problem8\Problem8.csproj", "{111608FA-9A1F-407B-B0E5-B82EE028CF12}"
EndProject
Project("{FAE04EC0-301F-11D3-BF4B-00C04F79EFBC}") = "Problem9", "Problem9\Problem9.csproj", "{64E786E5-13E3-42CB-B15B-3249935AEDC1}"
EndProject
Project("{FAE04EC0-301F-11D3-BF4B-00C04F79EFBC}") = "Problem10", "Problem10\Problem10.csproj", "{EF63B83B-F238-44B9-BA4B-EBF83E4548F3}"
EndProject
Project("{FAE04EC0-301F-11D3-BF4B-00C04F79EFBC}") = "Problem18", "Problem18\Problem18.csproj", "{6ABB6B4E-0F5B-418F-8167-417EF1155362}"
EndProject
Project("{FAE04EC0-301F-11D3-BF4B-00C04F79EFBC}") = "Problem11", "Problem11\Problem11.csproj", "{8EFF7480-271B-4B35-A0A6-CDBB189FAC14}"
EndProject
Project("{FAE04EC0-301F-11D3-BF4B-00C04F79EFBC}") = "Problem19", "Problem19\Problem19.csproj", "{B2836DFE-C002-47D6-B6B8-33B14F8D3266}"
EndProject
Project("{FAE04EC0-301F-11D3-BF4B-00C04F79EFBC}") = "Problem12", "Problem12\Problem12.csproj", "{29A3FC30-FEC6-46EC-BF2A-0D5562698CB1}"
EndProject
Project("{FAE04EC0-301F-11D3-BF4B-00C04F79EFBC}") = "Problem27", "Problem27\Problem27.csproj", "{3F1333BE-008A-4E7A-BCBD-350C800EA14D}"
EndProject
Project("{FAE04EC0-301F-11D3-BF4B-00C04F79EFBC}") = "Problem16", "Problem16\Problem16.csproj", "{19DD27BD-C86D-4089-9D3D-7D25B507EA21}"
EndProject
Project("{FAE04EC0-301F-11D3-BF4B-00C04F79EFBC}") = "Problem20", "Problem20\Problem20.csproj", "{8E2F80BA-E223-4C47-A7D1-709E33C496D6}"
EndProject
Project("{FAE04EC0-301F-11D3-BF4B-00C04F79EFBC}") = "Problem17", "Problem17\Problem17.csproj", "{C0EB12F6-55CD-45B0-AC62-F8E1B1118503}"
EndProject
Project("{FAE04EC0-301F-11D3-BF4B-00C04F79EFBC}") = "Problem15", "Problem15\Problem15.csproj", "{0F6D2E22-C2B7-429C-976B-CA39E8D0A13A}"
EndProject
Global
	GlobalSection(SolutionConfigurationPlatforms) = preSolution
		Debug|Any CPU = Debug|Any CPU
		Release|Any CPU = Release|Any CPU
	EndGlobalSection
	GlobalSection(ProjectConfigurationPlatforms) = postSolution
		{F03A420C-D283-47FF-B2A3-7920320A175A}.Debug|Any CPU.ActiveCfg = Debug|Any CPU
		{F03A420C-D283-47FF-B2A3-7920320A175A}.Debug|Any CPU.Build.0 = Debug|Any CPU
		{F03A420C-D283-47FF-B2A3-7920320A175A}.Release|Any CPU.ActiveCfg = Release|Any CPU
		{F03A420C-D283-47FF-B2A3-7920320A175A}.Release|Any CPU.Build.0 = Release|Any CPU
		{96C05399-9644-4711-B564-E143CE418B78}.Debug|Any CPU.ActiveCfg = Debug|Any CPU
		{96C05399-9644-4711-B564-E143CE418B78}.Debug|Any CPU.Build.0 = Debug|Any CPU
		{96C05399-9644-4711-B564-E143CE418B78}.Release|Any CPU.ActiveCfg = Release|Any CPU
		{96C05399-9644-4711-B564-E143CE418B78}.Release|Any CPU.Build.0 = Release|Any CPU
		{F6D350CF-7A8F-424D-917A-909A80BC15E2}.Debug|Any CPU.ActiveCfg = Debug|Any CPU
		{F6D350CF-7A8F-424D-917A-909A80BC15E2}.Debug|Any CPU.Build.0 = Debug|Any CPU
		{F6D350CF-7A8F-424D-917A-909A80BC15E2}.Release|Any CPU.ActiveCfg = Release|Any CPU
		{F6D350CF-7A8F-424D-917A-909A80BC15E2}.Release|Any CPU.Build.0 = Release|Any CPU
		{E425BA30-1B94-4004-A6A2-6E8456FB9C8B}.Debug|Any CPU.ActiveCfg = Debug|Any CPU
		{E425BA30-1B94-4004-A6A2-6E8456FB9C8B}.Debug|Any CPU.Build.0 = Debug|Any CPU
		{E425BA30-1B94-4004-A6A2-6E8456FB9C8B}.Release|Any CPU.ActiveCfg = Release|Any CPU
		{E425BA30-1B94-4004-A6A2-6E8456FB9C8B}.Release|Any CPU.Build.0 = Release|Any CPU
		{C0D3072B-9E16-4505-9B40-D07CE4C5C4A3}.Debug|Any CPU.ActiveCfg = Debug|Any CPU
		{C0D3072B-9E16-4505-9B40-D07CE4C5C4A3}.Debug|Any CPU.Build.0 = Debug|Any CPU
		{C0D3072B-9E16-4505-9B40-D07CE4C5C4A3}.Release|Any CPU.ActiveCfg = Release|Any CPU
		{C0D3072B-9E16-4505-9B40-D07CE4C5C4A3}.Release|Any CPU.Build.0 = Release|Any CPU
		{E53411EE-565A-49AF-9577-F721D107CCBD}.Debug|Any CPU.ActiveCfg = Debug|Any CPU
		{E53411EE-565A-49AF-9577-F721D107CCBD}.Debug|Any CPU.Build.0 = Debug|Any CPU
		{E53411EE-565A-49AF-9577-F721D107CCBD}.Release|Any CPU.ActiveCfg = Release|Any CPU
		{E53411EE-565A-49AF-9577-F721D107CCBD}.Release|Any CPU.Build.0 = Release|Any CPU
		{302479E3-CFA7-4375-8C64-AC4E14D30CA3}.Debug|Any CPU.ActiveCfg = Debug|Any CPU
		{302479E3-CFA7-4375-8C64-AC4E14D30CA3}.Debug|Any CPU.Build.0 = Debug|Any CPU
		{302479E3-CFA7-4375-8C64-AC4E14D30CA3}.Release|Any CPU.ActiveCfg = Release|Any CPU
		{302479E3-CFA7-4375-8C64-AC4E14D30CA3}.Release|Any CPU.Build.0 = Release|Any CPU
		{111608FA-9A1F-407B-B0E5-B82EE028CF12}.Debug|Any CPU.ActiveCfg = Debug|Any CPU
		{111608FA-9A1F-407B-B0E5-B82EE028CF12}.Debug|Any CPU.Build.0 = Debug|Any CPU
		{111608FA-9A1F-407B-B0E5-B82EE028CF12}.Release|Any CPU.ActiveCfg = Release|Any CPU
		{111608FA-9A1F-407B-B0E5-B82EE028CF12}.Release|Any CPU.Build.0 = Release|Any CPU
		{64E786E5-13E3-42CB-B15B-3249935AEDC1}.Debug|Any CPU.ActiveCfg = Debug|Any CPU
		{64E786E5-13E3-42CB-B15B-3249935AEDC1}.Debug|Any CPU.Build.0 = Debug|Any CPU
		{64E786E5-13E3-42CB-B15B-3249935AEDC1}.Release|Any CPU.ActiveCfg = Release|Any CPU
		{64E786E5-13E3-42CB-B15B-3249935AEDC1}.Release|Any CPU.Build.0 = Release|Any CPU
		{EF63B83B-F238-44B9-BA4B-EBF83E4548F3}.Debug|Any CPU.ActiveCfg = Debug|Any CPU
		{EF63B83B-F238-44B9-BA4B-EBF83E4548F3}.Debug|Any CPU.Build.0 = Debug|Any CPU
		{EF63B83B-F238-44B9-BA4B-EBF83E4548F3}.Release|Any CPU.ActiveCfg = Release|Any CPU
		{EF63B83B-F238-44B9-BA4B-EBF83E4548F3}.Release|Any CPU.Build.0 = Release|Any CPU
		{6ABB6B4E-0F5B-418F-8167-417EF1155362}.Debug|Any CPU.ActiveCfg = Debug|Any CPU
		{6ABB6B4E-0F5B-418F-8167-417EF1155362}.Debug|Any CPU.Build.0 = Debug|Any CPU
		{6ABB6B4E-0F5B-418F-8167-417EF1155362}.Release|Any CPU.ActiveCfg = Release|Any CPU
		{6ABB6B4E-0F5B-418F-8167-417EF1155362}.Release|Any CPU.Build.0 = Release|Any CPU
		{8EFF7480-271B-4B35-A0A6-CDBB189FAC14}.Debug|Any CPU.ActiveCfg = Debug|Any CPU
		{8EFF7480-271B-4B35-A0A6-CDBB189FAC14}.Debug|Any CPU.Build.0 = Debug|Any CPU
		{8EFF7480-271B-4B35-A0A6-CDBB189FAC14}.Release|Any CPU.ActiveCfg = Release|Any CPU
		{8EFF7480-271B-4B35-A0A6-CDBB189FAC14}.Release|Any CPU.Build.0 = Release|Any CPU
		{B2836DFE-C002-47D6-B6B8-33B14F8D3266}.Debug|Any CPU.ActiveCfg = Debug|Any CPU
		{B2836DFE-C002-47D6-B6B8-33B14F8D3266}.Debug|Any CPU.Build.0 = Debug|Any CPU
		{B2836DFE-C002-47D6-B6B8-33B14F8D3266}.Release|Any CPU.ActiveCfg = Release|Any CPU
		{B2836DFE-C002-47D6-B6B8-33B14F8D3266}.Release|Any CPU.Build.0 = Release|Any CPU
		{29A3FC30-FEC6-46EC-BF2A-0D5562698CB1}.Debug|Any CPU.ActiveCfg = Debug|Any CPU
		{29A3FC30-FEC6-46EC-BF2A-0D5562698CB1}.Debug|Any CPU.Build.0 = Debug|Any CPU
		{29A3FC30-FEC6-46EC-BF2A-0D5562698CB1}.Release|Any CPU.ActiveCfg = Release|Any CPU
		{29A3FC30-FEC6-46EC-BF2A-0D5562698CB1}.Release|Any CPU.Build.0 = Release|Any CPU
		{3F1333BE-008A-4E7A-BCBD-350C800EA14D}.Debug|Any CPU.ActiveCfg = Debug|Any CPU
		{3F1333BE-008A-4E7A-BCBD-350C800EA14D}.Debug|Any CPU.Build.0 = Debug|Any CPU
		{3F1333BE-008A-4E7A-BCBD-350C800EA14D}.Release|Any CPU.ActiveCfg = Release|Any CPU
		{3F1333BE-008A-4E7A-BCBD-350C800EA14D}.Release|Any CPU.Build.0 = Release|Any CPU
		{19DD27BD-C86D-4089-9D3D-7D25B507EA21}.Debug|Any CPU.ActiveCfg = Debug|Any CPU
		{19DD27BD-C86D-4089-9D3D-7D25B507EA21}.Debug|Any CPU.Build.0 = Debug|Any CPU
		{19DD27BD-C86D-4089-9D3D-7D25B507EA21}.Release|Any CPU.ActiveCfg = Release|Any CPU
		{19DD27BD-C86D-4089-9D3D-7D25B507EA21}.Release|Any CPU.Build.0 = Release|Any CPU
		{8E2F80BA-E223-4C47-A7D1-709E33C496D6}.Debug|Any CPU.ActiveCfg = Debug|Any CPU
		{8E2F80BA-E223-4C47-A7D1-709E33C496D6}.Debug|Any CPU.Build.0 = Debug|Any CPU
		{8E2F80BA-E223-4C47-A7D1-709E33C496D6}.Release|Any CPU.ActiveCfg = Release|Any CPU
		{8E2F80BA-E223-4C47-A7D1-709E33C496D6}.Release|Any CPU.Build.0 = Release|Any CPU
		{C0EB12F6-55CD-45B0-AC62-F8E1B1118503}.Debug|Any CPU.ActiveCfg = Debug|Any CPU
		{C0EB12F6-55CD-45B0-AC62-F8E1B1118503}.Debug|Any CPU.Build.0 = Debug|Any CPU
		{C0EB12F6-55CD-45B0-AC62-F8E1B1118503}.Release|Any CPU.ActiveCfg = Release|Any CPU
		{C0EB12F6-55CD-45B0-AC62-F8E1B1118503}.Release|Any CPU.Build.0 = Release|Any CPU
		{0F6D2E22-C2B7-429C-976B-CA39E8D0A13A}.Debug|Any CPU.ActiveCfg = Debug|Any CPU
		{0F6D2E22-C2B7-429C-976B-CA39E8D0A13A}.Debug|Any CPU.Build.0 = Debug|Any CPU
		{0F6D2E22-C2B7-429C-976B-CA39E8D0A13A}.Release|Any CPU.ActiveCfg = Release|Any CPU
		{0F6D2E22-C2B7-429C-976B-CA39E8D0A13A}.Release|Any CPU.Build.0 = Release|Any CPU
	EndGlobalSection
	GlobalSection(SolutionProperties) = preSolution
		HideSolutionNode = FALSE
	EndGlobalSection
	GlobalSection(ExtensibilityGlobals) = postSolution
		SolutionGuid = {4296C23B-F3D0-4BE2-A596-E4F63961E2A9}
	EndGlobalSection
EndGlobal
